
Microsoft Visual Studio Solution File, Format Version 12.00
# Visual Studio Version 17
VisualStudioVersion = 17.14.36518.9
MinimumVisualStudioVersion = 10.0.40219.1
Project("{FAE04EC0-301F-11D3-BF4B-00C04F79EFBC}") = "Bank", "Bank\Bank.csproj", "{A401378B-BAC1-4B19-88FD-BE7C29777BE8}"
EndProject
Project("{FAE04EC0-301F-11D3-BF4B-00C04F79EFBC}") = "BankTests", "BankTests\BankTests.csproj", "{9662AD4F-9392-4DFE-858F-BE821682327E}"
EndProject
Global
	GlobalSection(SolutionConfigurationPlatforms) = preSolution
		Debug|Any CPU = Debug|Any CPU
		Release|Any CPU = Release|Any CPU
	EndGlobalSection
	GlobalSection(ProjectConfigurationPlatforms) = postSolution
		{A401378B-BAC1-4B19-88FD-BE7C29777BE8}.Debug|Any CPU.ActiveCfg = Debug|Any CPU
		{A401378B-BAC1-4B19-88FD-BE7C29777BE8}.Debug|Any CPU.Build.0 = Debug|Any CPU
		{A401378B-BAC1-4B19-88FD-BE7C29777BE8}.Release|Any CPU.ActiveCfg = Release|Any CPU
		{A401378B-BAC1-4B19-88FD-BE7C29777BE8}.Release|Any CPU.Build.0 = Release|Any CPU
		{9662AD4F-9392-4DFE-858F-BE821682327E}.Debug|Any CPU.ActiveCfg = Debug|Any CPU
		{9662AD4F-9392-4DFE-858F-BE821682327E}.Debug|Any CPU.Build.0 = Debug|Any CPU
		{9662AD4F-9392-4DFE-858F-BE821682327E}.Release|Any CPU.ActiveCfg = Release|Any CPU
		{9662AD4F-9392-4DFE-858F-BE821682327E}.Release|Any CPU.Build.0 = Release|Any CPU
	EndGlobalSection
	GlobalSection(SolutionProperties) = preSolution
		HideSolutionNode = FALSE
	EndGlobalSection
	GlobalSection(ExtensibilityGlobals) = postSolution
		SolutionGuid = {CDF087A2-9BBB-46C3-8C10-555F26AE1E0D}
	EndGlobalSection
EndGlobal
