
Microsoft Visual Studio Solution File, Format Version 12.00
# Visual Studio Version 17
VisualStudioVersion = 17.14.36811.4
MinimumVisualStudioVersion = 10.0.40219.1
Project("{FAE04EC0-301F-11D3-BF4B-00C04F79EFBC}") = "TK", "TK\TK.csproj", "{563A765C-6CA6-4F85-9A4D-6FA26D34F61B}"
EndProject
Project("{FAE04EC0-301F-11D3-BF4B-00C04F79EFBC}") = "UnitTestProject1", "UnitTestProject1\UnitTestProject1.csproj", "{2C139CF2-FBCB-473E-8B8A-2A001EB32190}"
EndProject
Global
	GlobalSection(SolutionConfigurationPlatforms) = preSolution
		Debug|Any CPU = Debug|Any CPU
		Release|Any CPU = Release|Any CPU
	EndGlobalSection
	GlobalSection(ProjectConfigurationPlatforms) = postSolution
		{563A765C-6CA6-4F85-9A4D-6FA26D34F61B}.Debug|Any CPU.ActiveCfg = Debug|Any CPU
		{563A765C-6CA6-4F85-9A4D-6FA26D34F61B}.Debug|Any CPU.Build.0 = Debug|Any CPU
		{563A765C-6CA6-4F85-9A4D-6FA26D34F61B}.Release|Any CPU.ActiveCfg = Release|Any CPU
		{563A765C-6CA6-4F85-9A4D-6FA26D34F61B}.Release|Any CPU.Build.0 = Release|Any CPU
		{2C139CF2-FBCB-473E-8B8A-2A001EB32190}.Debug|Any CPU.ActiveCfg = Debug|Any CPU
		{2C139CF2-FBCB-473E-8B8A-2A001EB32190}.Debug|Any CPU.Build.0 = Debug|Any CPU
		{2C139CF2-FBCB-473E-8B8A-2A001EB32190}.Release|Any CPU.ActiveCfg = Release|Any CPU
		{2C139CF2-FBCB-473E-8B8A-2A001EB32190}.Release|Any CPU.Build.0 = Release|Any CPU
	EndGlobalSection
	GlobalSection(SolutionProperties) = preSolution
		HideSolutionNode = FALSE
	EndGlobalSection
	GlobalSection(ExtensibilityGlobals) = postSolution
		SolutionGuid = {33745D3C-7943-4D1F-BFB5-F388C6D55855}
	EndGlobalSection
EndGlobal
