
Microsoft Visual Studio Solution File, Format Version 12.00
# Visual Studio Version 17
VisualStudioVersion = 17.14.36811.4
MinimumVisualStudioVersion = 10.0.40219.1
Project("{FAE04EC0-301F-11D3-BF4B-00C04F79EFBC}") = "p4pr", "p4pr\p4pr.csproj", "{40038261-896B-4A18-8526-47F2BCD57726}"
EndProject
Project("{FAE04EC0-301F-11D3-BF4B-00C04F79EFBC}") = "UnitTestProject", "UnitTestProject1\UnitTestProject.csproj", "{C0146DE7-E1BA-4D08-8710-C0D3505CC71D}"
EndProject
Global
	GlobalSection(SolutionConfigurationPlatforms) = preSolution
		Debug|Any CPU = Debug|Any CPU
		Release|Any CPU = Release|Any CPU
	EndGlobalSection
	GlobalSection(ProjectConfigurationPlatforms) = postSolution
		{40038261-896B-4A18-8526-47F2BCD57726}.Debug|Any CPU.ActiveCfg = Debug|Any CPU
		{40038261-896B-4A18-8526-47F2BCD57726}.Debug|Any CPU.Build.0 = Debug|Any CPU
		{40038261-896B-4A18-8526-47F2BCD57726}.Release|Any CPU.ActiveCfg = Release|Any CPU
		{40038261-896B-4A18-8526-47F2BCD57726}.Release|Any CPU.Build.0 = Release|Any CPU
		{C0146DE7-E1BA-4D08-8710-C0D3505CC71D}.Debug|Any CPU.ActiveCfg = Debug|Any CPU
		{C0146DE7-E1BA-4D08-8710-C0D3505CC71D}.Debug|Any CPU.Build.0 = Debug|Any CPU
		{C0146DE7-E1BA-4D08-8710-C0D3505CC71D}.Release|Any CPU.ActiveCfg = Release|Any CPU
		{C0146DE7-E1BA-4D08-8710-C0D3505CC71D}.Release|Any CPU.Build.0 = Release|Any CPU
	EndGlobalSection
	GlobalSection(SolutionProperties) = preSolution
		HideSolutionNode = FALSE
	EndGlobalSection
	GlobalSection(ExtensibilityGlobals) = postSolution
		SolutionGuid = {EF3280E8-F987-471B-A34C-6776ED6BCB0B}
	EndGlobalSection
EndGlobal
